
Microsoft Visual Studio Solution File, Format Version 12.00
# Visual Studio Version 17
VisualStudioVersion = 17.10.35122.118
MinimumVisualStudioVersion = 10.0.40219.1
Project("{8BC9CEB8-8B4A-11D0-8D11-00A0C91BC942}") = "Zluaexecutor", "Zluaexecutor\Zluaexecutor.vcxproj", "{C083BEA6-620F-4974-B283-0CA2784DC67F}"
EndProject
Global
	GlobalSection(SolutionConfigurationPlatforms) = preSolution
		Debug|x64 = Debug|x64
		Debug|x86 = Debug|x86
		Release|x64 = Release|x64
		Release|x86 = Release|x86
	EndGlobalSection
	GlobalSection(ProjectConfigurationPlatforms) = postSolution
		{C083BEA6-620F-4974-B283-0CA2784DC67F}.Debug|x64.ActiveCfg = Debug|x64
		{C083BEA6-620F-4974-B283-0CA2784DC67F}.Debug|x64.Build.0 = Debug|x64
		{C083BEA6-620F-4974-B283-0CA2784DC67F}.Debug|x86.ActiveCfg = Debug|Win32
		{C083BEA6-620F-4974-B283-0CA2784DC67F}.Debug|x86.Build.0 = Debug|Win32
		{C083BEA6-620F-4974-B283-0CA2784DC67F}.Release|x64.ActiveCfg = Release|x64
		{C083BEA6-620F-4974-B283-0CA2784DC67F}.Release|x64.Build.0 = Release|x64
		{C083BEA6-620F-4974-B283-0CA2784DC67F}.Release|x86.ActiveCfg = Release|Win32
		{C083BEA6-620F-4974-B283-0CA2784DC67F}.Release|x86.Build.0 = Release|Win32
	EndGlobalSection
	GlobalSection(SolutionProperties) = preSolution
		HideSolutionNode = FALSE
	EndGlobalSection
	GlobalSection(ExtensibilityGlobals) = postSolution
		SolutionGuid = {42B07AD9-F5E6-4A62-BC0A-5227AAF3B819}
	EndGlobalSection
EndGlobal
